dependencies:
- name: infra
  repository: file://charts/infra
  version: 0.1.0
- name: patient-service
  repository: file://charts/patient-service
  version: 0.1.0
- name: auth-service
  repository: file://charts/auth-service
  version: 0.1.0
- name: api-gateway
  repository: file://charts/api-gateway
  version: 0.1.0
- name: notification-service
  repository: file://charts/notification-service
  version: 0.1.0
- name: health-records-service
  repository: file://charts/health-records-service
  version: 0.1.0
- name: analytics-service
  repository: file://charts/analytics-service
  version: 0.1.0
- name: audit-service
  repository: file://charts/audit-service
  version: 0.1.0
- name: location-service
  repository: file://charts/location-service
  version: 0.1.0
- name: translation-service
  repository: file://charts/translation-service
  version: 0.1.0
- name: interpretation-service
  repository: file://charts/interpretation-service
  version: 0.1.0
- name: mcp-server
  repository: file://charts/mcp-server
  version: 0.1.0
- name: voice-agent-service
  repository: file://charts/voice-agent-service
  version: 0.1.0
- name: web
  repository: file://charts/web
  version: 0.1.0
- name: mobile
  repository: file://charts/mobile
  version: 0.1.0
- name: ingress-nginx
  repository: https://kubernetes.github.io/ingress-nginx
  version: 4.11.0
digest: sha256:93b326e4dc04c089bd02b863465e457f9f2c3f8573efb1f90dc02fa617e525a6
generated: "2026-06-08T18:04:43.404825-05:00"
